
Microsoft Visual Studio Solution File, Format Version 12.00
# Visual Studio Version 17
VisualStudioVersion = 17.7.33711.374
MinimumVisualStudioVersion = 10.0.40219.1
Project("{9A19103F-16F7-4668-BE54-9A1E7A4F7556}") = "OpenAlexBrowser", "OpenAlexBrowser\OpenAlexBrowser.csproj", "{515C7408-89CF-4D5F-885D-B0305ADDEC52}"
EndProject
Project("{FAE04EC0-301F-11D3-BF4B-00C04F79EFBC}") = "OpenAlexBrowser.App", "OpenAlexBrowser.App\OpenAlexBrowser.App.csproj", "{EFC2AD6D-889E-4A9A-9D71-DCCB547CFB7B}"
EndProject
Global
	GlobalSection(SolutionConfigurationPlatforms) = preSolution
		Debug|Any CPU = Debug|Any CPU
		Release|Any CPU = Release|Any CPU
	EndGlobalSection
	GlobalSection(ProjectConfigurationPlatforms) = postSolution
		{515C7408-89CF-4D5F-885D-B0305ADDEC52}.Debug|Any CPU.ActiveCfg = Debug|Any CPU
		{515C7408-89CF-4D5F-885D-B0305ADDEC52}.Debug|Any CPU.Build.0 = Debug|Any CPU
		{515C7408-89CF-4D5F-885D-B0305ADDEC52}.Release|Any CPU.ActiveCfg = Release|Any CPU
		{515C7408-89CF-4D5F-885D-B0305ADDEC52}.Release|Any CPU.Build.0 = Release|Any CPU
		{EFC2AD6D-889E-4A9A-9D71-DCCB547CFB7B}.Debug|Any CPU.ActiveCfg = Debug|Any CPU
		{EFC2AD6D-889E-4A9A-9D71-DCCB547CFB7B}.Debug|Any CPU.Build.0 = Debug|Any CPU
		{EFC2AD6D-889E-4A9A-9D71-DCCB547CFB7B}.Release|Any CPU.ActiveCfg = Release|Any CPU
		{EFC2AD6D-889E-4A9A-9D71-DCCB547CFB7B}.Release|Any CPU.Build.0 = Release|Any CPU
	EndGlobalSection
	GlobalSection(SolutionProperties) = preSolution
		HideSolutionNode = FALSE
	EndGlobalSection
	GlobalSection(ExtensibilityGlobals) = postSolution
		SolutionGuid = {EBE1BE68-0DA3-429D-A710-08C66EE1D885}
	EndGlobalSection
EndGlobal
